
Microsoft Visual Studio Solution File, Format Version 12.00
# Visual Studio Version 17
VisualStudioVersion = 17.3.32929.385
MinimumVisualStudioVersion = 10.0.40219.1
Project("{FAE04EC0-301F-11D3-BF4B-00C04F79EFBC}") = "eTickets", "eTickets\eTickets.csproj", "{59EAF44C-B2EF-4972-9E79-983C2416833A}"
EndProject
Global
	GlobalSection(SolutionConfigurationPlatforms) = preSolution
		Debug|Any CPU = Debug|Any CPU
		Release|Any CPU = Release|Any CPU
	EndGlobalSection
	GlobalSection(ProjectConfigurationPlatforms) = postSolution
		{59EAF44C-B2EF-4972-9E79-983C2416833A}.Debug|Any CPU.ActiveCfg = Debug|Any CPU
		{59EAF44C-B2EF-4972-9E79-983C2416833A}.Debug|Any CPU.Build.0 = Debug|Any CPU
		{59EAF44C-B2EF-4972-9E79-983C2416833A}.Release|Any CPU.ActiveCfg = Release|Any CPU
		{59EAF44C-B2EF-4972-9E79-983C2416833A}.Release|Any CPU.Build.0 = Release|Any CPU
	EndGlobalSection
	GlobalSection(SolutionProperties) = preSolution
		HideSolutionNode = FALSE
	EndGlobalSection
	GlobalSection(ExtensibilityGlobals) = postSolution
		SolutionGuid = {9CA071BA-BD15-4AD1-8B1B-E65FE6ED107F}
	EndGlobalSection
EndGlobal
